
Microsoft Visual Studio Solution File, Format Version 12.00
# Visual Studio Version 17
VisualStudioVersion = 17.4.33213.308
MinimumVisualStudioVersion = 10.0.40219.1
Project("{FAE04EC0-301F-11D3-BF4B-00C04F79EFBC}") = "BinarySearchTree", "BinarySearchTree.csproj", "{D60021C0-C0EC-466F-913A-D71AA0632A9C}"
EndProject
Global
	GlobalSection(SolutionConfigurationPlatforms) = preSolution
		Debug|Any CPU = Debug|Any CPU
		Release|Any CPU = Release|Any CPU
	EndGlobalSection
	GlobalSection(ProjectConfigurationPlatforms) = postSolution
		{D60021C0-C0EC-466F-913A-D71AA0632A9C}.Debug|Any CPU.ActiveCfg = Debug|Any CPU
		{D60021C0-C0EC-466F-913A-D71AA0632A9C}.Debug|Any CPU.Build.0 = Debug|Any CPU
		{D60021C0-C0EC-466F-913A-D71AA0632A9C}.Release|Any CPU.ActiveCfg = Release|Any CPU
		{D60021C0-C0EC-466F-913A-D71AA0632A9C}.Release|Any CPU.Build.0 = Release|Any CPU
	EndGlobalSection
	GlobalSection(SolutionProperties) = preSolution
		HideSolutionNode = FALSE
	EndGlobalSection
	GlobalSection(ExtensibilityGlobals) = postSolution
		SolutionGuid = {55D919B7-38E8-4C7D-8777-58FD32857BCB}
	EndGlobalSection
EndGlobal
